
Microsoft Visual Studio Solution File, Format Version 12.00
# Visual Studio Version 17
VisualStudioVersion = 17.11.35222.181
MinimumVisualStudioVersion = 10.0.40219.1
Project("{FAE04EC0-301F-11D3-BF4B-00C04F79EFBC}") = "WebApplication1", "WebApplication1\WebApplication1.csproj", "{C46BCACE-948B-4D1C-BA4E-DC6F9AC250A1}"
EndProject
Global
	GlobalSection(SolutionConfigurationPlatforms) = preSolution
		Debug|Any CPU = Debug|Any CPU
		Release|Any CPU = Release|Any CPU
	EndGlobalSection
	GlobalSection(ProjectConfigurationPlatforms) = postSolution
		{C46BCACE-948B-4D1C-BA4E-DC6F9AC250A1}.Debug|Any CPU.ActiveCfg = Debug|Any CPU
		{C46BCACE-948B-4D1C-BA4E-DC6F9AC250A1}.Debug|Any CPU.Build.0 = Debug|Any CPU
		{C46BCACE-948B-4D1C-BA4E-DC6F9AC250A1}.Release|Any CPU.ActiveCfg = Release|Any CPU
		{C46BCACE-948B-4D1C-BA4E-DC6F9AC250A1}.Release|Any CPU.Build.0 = Release|Any CPU
	EndGlobalSection
	GlobalSection(SolutionProperties) = preSolution
		HideSolutionNode = FALSE
	EndGlobalSection
	GlobalSection(ExtensibilityGlobals) = postSolution
		SolutionGuid = {E484B1EF-E601-4B2A-9D1A-0DB983268563}
	EndGlobalSection
EndGlobal
